// !$*UTF8*$!
{
	archiveVersion = 1;
	classes = {
	};
	objectVersion = 45;
	objects = {

/* Begin PBXBuildFile section */
		1BA9037F1442C8450068C8D9 /* syphonserver.mm in Sources */ = {isa = PBXBuildFile; fileRef = 1BA9037E1442C8450068C8D9 /* syphonserver.mm */; };
		1BA90470144386E10068C8D9 /* Syphon.framework in Frameworks */ = {isa = PBXBuildFile; fileRef = 1BA903EA144360670068C8D9 /* Syphon.framework */; };
		1BA90475144386F70068C8D9 /* Cocoa.framework in Frameworks */ = {isa = PBXBuildFile; fileRef = 1BA90474144386F70068C8D9 /* Cocoa.framework */; };
		1BA90477144386F70068C8D9 /* OpenGL.framework in Frameworks */ = {isa = PBXBuildFile; fileRef = 1BA90476144386F70068C8D9 /* OpenGL.framework */; };
		50149BDA09E781A5002DEE6A /* syphonserver.h in Headers */ = {isa = PBXBuildFile; fileRef = 50149BD909E781A5002DEE6A /* syphonserver.h */; };
/* End PBXBuildFile section */

/* Begin PBXContainerItemProxy section */
		1BA903E9144360670068C8D9 /* PBXContainerItemProxy */ = {
			isa = PBXContainerItemProxy;
			containerPortal = 1BA9036F1442C7EE0068C8D9 /* Syphon.xcodeproj */;
			proxyType = 2;
			remoteGlobalIDString = 8DC2EF5B0486A6940098B216;
			remoteInfo = Syphon;
		};
/* End PBXContainerItemProxy section */

/* Begin PBXFileReference section */
		1BA9036F1442C7EE0068C8D9 /* Syphon.xcodeproj */ = {isa = PBXFileReference; lastKnownFileType = "wrapper.pb-project"; name = Syphon.xcodeproj; path = "../../Syphon Framework/Syphon.xcodeproj"; sourceTree = SOURCE_ROOT; };
		1BA9037E1442C8450068C8D9 /* syphonserver.mm */ = {isa = PBXFileReference; fileEncoding = 4; lastKnownFileType = sourcecode.cpp.objcpp; path = syphonserver.mm; sourceTree = "<group>"; };
		1BA90474144386F70068C8D9 /* Cocoa.framework */ = {isa = PBXFileReference; lastKnownFileType = wrapper.framework; name = Cocoa.framework; path = System/Library/Frameworks/Cocoa.framework; sourceTree = SDKROOT; };
		1BA90476144386F70068C8D9 /* OpenGL.framework */ = {isa = PBXFileReference; lastKnownFileType = wrapper.framework; name = OpenGL.framework; path = System/Library/Frameworks/OpenGL.framework; sourceTree = SDKROOT; };
		1BA904B114438CA80068C8D9 /* Gem.pd_darwin */ = {isa = PBXFileReference; lastKnownFileType = "compiled.mach-o.dylib"; name = Gem.pd_darwin; path = "/Applications/Pd-extended.app/Contents/Resources/extra/Gem/Gem.pd_darwin"; sourceTree = "<absolute>"; };
		32BAE0B70371A74B00C91783 /* syphon.pd_darwin_Prefix.pch */ = {isa = PBXFileReference; fileEncoding = 4; lastKnownFileType = sourcecode.c.h; path = syphon.pd_darwin_Prefix.pch; sourceTree = "<group>"; };
		50149BD909E781A5002DEE6A /* syphonserver.h */ = {isa = PBXFileReference; fileEncoding = 4; lastKnownFileType = sourcecode.c.h; path = syphonserver.h; sourceTree = "<group>"; };
		D2AAC09D05546B4700DB518D /* syphonserver.pd_darwin */ = {isa = PBXFileReference; explicitFileType = "compiled.mach-o.dylib"; includeInIndex = 0; path = syphonserver.pd_darwin; sourceTree = BUILT_PRODUCTS_DIR; };
/* End PBXFileReference section */

/* Begin PBXFrameworksBuildPhase section */
		D2AAC09B05546B4700DB518D /* Frameworks */ = {
			isa = PBXFrameworksBuildPhase;
			buildActionMask = 2147483647;
			files = (
				1BA90470144386E10068C8D9 /* Syphon.framework in Frameworks */,
				1BA90475144386F70068C8D9 /* Cocoa.framework in Frameworks */,
				1BA90477144386F70068C8D9 /* OpenGL.framework in Frameworks */,
			);
			runOnlyForDeploymentPostprocessing = 0;
		};
/* End PBXFrameworksBuildPhase section */

/* Begin PBXGroup section */
		034768DDFF38A45A11DB9C8B /* Products */ = {
			isa = PBXGroup;
			children = (
				D2AAC09D05546B4700DB518D /* syphonserver.pd_darwin */,
			);
			name = Products;
			sourceTree = "<group>";
		};
		0867D691FE84028FC02AAC07 /* syphon.pd_darwin */ = {
			isa = PBXGroup;
			children = (
				1BA904B114438CA80068C8D9 /* Gem.pd_darwin */,
				1BA9036F1442C7EE0068C8D9 /* Syphon.xcodeproj */,
				08FB77ACFE841707C02AAC07 /* Source */,
				0867D69AFE84028FC02AAC07 /* External Frameworks and Libraries */,
				034768DDFF38A45A11DB9C8B /* Products */,
				1BA90474144386F70068C8D9 /* Cocoa.framework */,
				1BA90476144386F70068C8D9 /* OpenGL.framework */,
			);
			name = syphon.pd_darwin;
			sourceTree = "<group>";
		};
		0867D69AFE84028FC02AAC07 /* External Frameworks and Libraries */ = {
			isa = PBXGroup;
			children = (
			);
			name = "External Frameworks and Libraries";
			sourceTree = "<group>";
		};
		08FB77ACFE841707C02AAC07 /* Source */ = {
			isa = PBXGroup;
			children = (
				32BAE0B70371A74B00C91783 /* syphon.pd_darwin_Prefix.pch */,
				50149BD909E781A5002DEE6A /* syphonserver.h */,
				1BA9037E1442C8450068C8D9 /* syphonserver.mm */,
			);
			name = Source;
			sourceTree = "<group>";
		};
		1BA903E5144360670068C8D9 /* Products */ = {
			isa = PBXGroup;
			children = (
				1BA903EA144360670068C8D9 /* Syphon.framework */,
			);
			name = Products;
			sourceTree = "<group>";
		};
/* End PBXGroup section */

/* Begin PBXHeadersBuildPhase section */
		D2AAC09905546B4700DB518D /* Headers */ = {
			isa = PBXHeadersBuildPhase;
			buildActionMask = 2147483647;
			files = (
				50149BDA09E781A5002DEE6A /* syphonserver.h in Headers */,
			);
			runOnlyForDeploymentPostprocessing = 0;
		};
/* End PBXHeadersBuildPhase section */

/* Begin PBXNativeTarget section */
		D2AAC09C05546B4700DB518D /* syphon.pd_darwin */ = {
			isa = PBXNativeTarget;
			buildConfigurationList = 1DEB916008733D950010E9CD /* Build configuration list for PBXNativeTarget "syphon.pd_darwin" */;
			buildPhases = (
				D2AAC09905546B4700DB518D /* Headers */,
				D2AAC09A05546B4700DB518D /* Sources */,
				D2AAC09B05546B4700DB518D /* Frameworks */,
				1BA905311443A2030068C8D9 /* ShellScript */,
			);
			buildRules = (
			);
			dependencies = (
			);
			name = syphon.pd_darwin;
			productName = libsyphon.pd_darwin;
			productReference = D2AAC09D05546B4700DB518D /* syphonserver.pd_darwin */;
			productType = "com.apple.product-type.library.dynamic";
		};
/* End PBXNativeTarget section */

/* Begin PBXProject section */
		0867D690FE84028FC02AAC07 /* Project object */ = {
			isa = PBXProject;
			buildConfigurationList = 1DEB916408733D950010E9CD /* Build configuration list for PBXProject "syphon.pd_darwin" */;
			compatibilityVersion = "Xcode 3.1";
			developmentRegion = English;
			hasScannedForEncodings = 1;
			knownRegions = (
				English,
				Japanese,
				French,
				German,
			);
			mainGroup = 0867D691FE84028FC02AAC07 /* syphon.pd_darwin */;
			productRefGroup = 034768DDFF38A45A11DB9C8B /* Products */;
			projectDirPath = "";
			projectReferences = (
				{
					ProductGroup = 1BA903E5144360670068C8D9 /* Products */;
					ProjectRef = 1BA9036F1442C7EE0068C8D9 /* Syphon.xcodeproj */;
				},
			);
			projectRoot = "";
			targets = (
				D2AAC09C05546B4700DB518D /* syphon.pd_darwin */,
			);
		};
/* End PBXProject section */

/* Begin PBXReferenceProxy section */
		1BA903EA144360670068C8D9 /* Syphon.framework */ = {
			isa = PBXReferenceProxy;
			fileType = wrapper.framework;
			path = Syphon.framework;
			remoteRef = 1BA903E9144360670068C8D9 /* PBXContainerItemProxy */;
			sourceTree = BUILT_PRODUCTS_DIR;
		};
/* End PBXReferenceProxy section */

/* Begin PBXShellScriptBuildPhase section */
		1BA905311443A2030068C8D9 /* ShellScript */ = {
			isa = PBXShellScriptBuildPhase;
			buildActionMask = 2147483647;
			files = (
			);
			inputPaths = (
			);
			outputPaths = (
			);
			runOnlyForDeploymentPostprocessing = 0;
			shellPath = /bin/sh;
			shellScript = "#/bin/bash\ninstall_name_tool -change  \"@loader_path/../Frameworks/Syphon.framework/Versions/A/Syphon\" \"@loader_path/Syphon.framework/Versions/A/Syphon\" \"$TARGET_BUILD_DIR/$PRODUCT_NAME.pd_darwin\" ";
		};
/* End PBXShellScriptBuildPhase section */

/* Begin PBXSourcesBuildPhase section */
		D2AAC09A05546B4700DB518D /* Sources */ = {
			isa = PBXSourcesBuildPhase;
			buildActionMask = 2147483647;
			files = (
				1BA9037F1442C8450068C8D9 /* syphonserver.mm in Sources */,
			);
			runOnlyForDeploymentPostprocessing = 0;
		};
/* End PBXSourcesBuildPhase section */

/* Begin XCBuildConfiguration section */
		1DEB916108733D950010E9CD /* Debug */ = {
			isa = XCBuildConfiguration;
			buildSettings = {
				ALWAYS_SEARCH_USER_PATHS = NO;
				COPY_PHASE_STRIP = NO;
				DYLIB_COMPATIBILITY_VERSION = "";
				DYLIB_CURRENT_VERSION = "";
				EXECUTABLE_EXTENSION = pd_darwin;
				FRAMEWORK_SEARCH_PATHS = (
					"\"$(SRCROOT)/../../Syphon Framework/build/$(CONFIGURATION)/\"/**",
				);
				GCC_DYNAMIC_NO_PIC = NO;
				GCC_ENABLE_FIX_AND_CONTINUE = YES;
				GCC_INLINES_ARE_PRIVATE_EXTERN = NO;
				GCC_MODEL_TUNING = G5;
				GCC_OPTIMIZATION_LEVEL = 0;
				GCC_PRECOMPILE_PREFIX_HEADER = YES;
				GCC_PREFIX_HEADER = syphon.pd_darwin_Prefix.pch;
				GCC_SYMBOLS_PRIVATE_EXTERN = NO;
				GCC_UNROLL_LOOPS = YES;
				GCC_VERSION = com.apple.compilers.llvmgcc42;
				HEADER_SEARCH_PATHS = "\"/Applications/Pd-extended.app/Contents/Resources/include\"/**";
				LD_DYLIB_INSTALL_NAME = "$(EXECUTABLE_PATH)";
				LIBRARY_SEARCH_PATHS = "$(inherited)";
				MACH_O_TYPE = mh_bundle;
				ONLY_ACTIVE_ARCH = NO;
				OTHER_LDFLAGS = (
					"-undefined",
					dynamic_lookup,
				);
				PRODUCT_NAME = syphonserver;
				VALID_ARCHS = "i386 x86_64";
			};
			name = Debug;
		};
		1DEB916208733D950010E9CD /* Release */ = {
			isa = XCBuildConfiguration;
			buildSettings = {
				ALWAYS_SEARCH_USER_PATHS = NO;
				DEBUG_INFORMATION_FORMAT = "dwarf-with-dsym";
				DYLIB_COMPATIBILITY_VERSION = "";
				DYLIB_CURRENT_VERSION = "";
				EXECUTABLE_EXTENSION = pd_darwin;
				FRAMEWORK_SEARCH_PATHS = (
					"\"$(SRCROOT)/../../Syphon Framework/build/$(CONFIGURATION)/\"/**",
				);
				GCC_INLINES_ARE_PRIVATE_EXTERN = NO;
				GCC_MODEL_TUNING = G5;
				GCC_PRECOMPILE_PREFIX_HEADER = YES;
				GCC_PREFIX_HEADER = syphon.pd_darwin_Prefix.pch;
				GCC_SYMBOLS_PRIVATE_EXTERN = NO;
				GCC_UNROLL_LOOPS = YES;
				GCC_VERSION = com.apple.compilers.llvmgcc42;
				HEADER_SEARCH_PATHS = "\"/Applications/Pd-extended.app/Contents/Resources/include\"/**";
				LD_DYLIB_INSTALL_NAME = "$(EXECUTABLE_PATH)";
				LIBRARY_SEARCH_PATHS = "$(inherited)";
				MACH_O_TYPE = mh_bundle;
				OTHER_LDFLAGS = (
					"-undefined",
					dynamic_lookup,
				);
				PRODUCT_NAME = syphonserver;
				STRIP_INSTALLED_PRODUCT = YES;
				STRIP_STYLE = "non-global";
				VALID_ARCHS = "i386 x86_64";
			};
			name = Release;
		};
		1DEB916508733D950010E9CD /* Debug */ = {
			isa = XCBuildConfiguration;
			buildSettings = {
				ARCHS = "$(ARCHS_STANDARD_32_64_BIT)";
				GCC_C_LANGUAGE_STANDARD = gnu99;
				GCC_OPTIMIZATION_LEVEL = 0;
				GCC_WARN_ABOUT_RETURN_TYPE = YES;
				GCC_WARN_UNUSED_VARIABLE = YES;
				ONLY_ACTIVE_ARCH = YES;
				PREBINDING = NO;
				SDKROOT = macosx10.6;
			};
			name = Debug;
		};
		1DEB916608733D950010E9CD /* Release */ = {
			isa = XCBuildConfiguration;
			buildSettings = {
				ARCHS = "$(ARCHS_STANDARD_32_64_BIT)";
				GCC_C_LANGUAGE_STANDARD = gnu99;
				GCC_WARN_ABOUT_RETURN_TYPE = YES;
				GCC_WARN_UNUSED_VARIABLE = YES;
				PREBINDING = NO;
				SDKROOT = macosx10.6;
			};
			name = Release;
		};
/* End XCBuildConfiguration section */

/* Begin XCConfigurationList section */
		1DEB916008733D950010E9CD /* Build configuration list for PBXNativeTarget "syphon.pd_darwin" */ = {
			isa = XCConfigurationList;
			buildConfigurations = (
				1DEB916108733D950010E9CD /* Debug */,
				1DEB916208733D950010E9CD /* Release */,
			);
			defaultConfigurationIsVisible = 0;
			defaultConfigurationName = Release;
		};
		1DEB916408733D950010E9CD /* Build configuration list for PBXProject "syphon.pd_darwin" */ = {
			isa = XCConfigurationList;
			buildConfigurations = (
				1DEB916508733D950010E9CD /* Debug */,
				1DEB916608733D950010E9CD /* Release */,
			);
			defaultConfigurationIsVisible = 0;
			defaultConfigurationName = Release;
		};
/* End XCConfigurationList section */
	};
	rootObject = 0867D690FE84028FC02AAC07 /* Project object */;
}
